
Microsoft Visual Studio Solution File, Format Version 12.00
# Visual Studio Version 17
VisualStudioVersion = 17.11.35312.102
MinimumVisualStudioVersion = 10.0.40219.1
Project("{FAE04EC0-301F-11D3-BF4B-00C04F79EFBC}") = "основы алгоритмизации", "основы алгоритмизации\основы алгоритмизации.csproj", "{ED3FDBA0-6A98-4FA4-9C03-FB4A1E988625}"
EndProject
Global
	GlobalSection(SolutionConfigurationPlatforms) = preSolution
		Debug|Any CPU = Debug|Any CPU
		Release|Any CPU = Release|Any CPU
	EndGlobalSection
	GlobalSection(ProjectConfigurationPlatforms) = postSolution
		{ED3FDBA0-6A98-4FA4-9C03-FB4A1E988625}.Debug|Any CPU.ActiveCfg = Debug|Any CPU
		{ED3FDBA0-6A98-4FA4-9C03-FB4A1E988625}.Debug|Any CPU.Build.0 = Debug|Any CPU
		{ED3FDBA0-6A98-4FA4-9C03-FB4A1E988625}.Release|Any CPU.ActiveCfg = Release|Any CPU
		{ED3FDBA0-6A98-4FA4-9C03-FB4A1E988625}.Release|Any CPU.Build.0 = Release|Any CPU
	EndGlobalSection
	GlobalSection(SolutionProperties) = preSolution
		HideSolutionNode = FALSE
	EndGlobalSection
	GlobalSection(ExtensibilityGlobals) = postSolution
		SolutionGuid = {35D4BEC2-296A-4280-A07C-770BDEE4F26C}
	EndGlobalSection
EndGlobal
